{
  "name": "CrawlingDasinDjango",
  "lockfileVersion": 3,
  "requires": true,
  "packages": {
    "": {
      "dependencies": {
        "korean-business-day": "^3.2.0"
      }
    },
    "node_modules/korean-business-day": {
      "version": "3.2.0",
      "resolved": "https://registry.npmjs.org/korean-business-day/-/korean-business-day-3.2.0.tgz",
      "integrity": "sha512-17K2fIVma5Bs8bTy0YG+B6twdeJZX+ZhNPPVL4uAQzSOIEEBZLRIoZVMVw4D3FTESJyo6ZmOYAEG/Jfdi8VEsw=="
    }
  }
}
